
Microsoft Visual Studio Solution File, Format Version 11.00
# Visual Studio 2010
Project("{FAE04EC0-301F-11D3-BF4B-00C04F79EFBC}") = "L.NENU.Web", "L.NENU.Web\L.NENU.Web.csproj", "{BD2C377D-6662-458E-A6E1-24B1417CA6E1}"
EndProject
Project("{FAE04EC0-301F-11D3-BF4B-00C04F79EFBC}") = "L.NENU.Domain", "L.NENU.Domain\L.NENU.Domain.csproj", "{36E841BA-DF9E-47B6-9620-6C925B31374F}"
EndProject
Project("{FAE04EC0-301F-11D3-BF4B-00C04F79EFBC}") = "L.NENU.Component", "L.NENU.Component\L.NENU.Component.csproj", "{1E2D4605-2874-4170-8058-F83BA7EE5AD6}"
EndProject
Project("{FAE04EC0-301F-11D3-BF4B-00C04F79EFBC}") = "L.NENU.Service", "L.NENU.Service\L.NENU.Service.csproj", "{04D68B77-D933-4B4E-9527-86C637B15F21}"
EndProject
Project("{FAE04EC0-301F-11D3-BF4B-00C04F79EFBC}") = "L.NENU.Manager", "L.NENU.Manager\L.NENU.Manager.csproj", "{A42FC81B-F851-4180-B403-9279532C409B}"
EndProject
Project("{FAE04EC0-301F-11D3-BF4B-00C04F79EFBC}") = "L.NENU.Core", "L.NENU.Core\L.NENU.Core.csproj", "{945E3E14-80BF-4262-AA03-5B443799FA47}"
EndProject
Global
	GlobalSection(SolutionConfigurationPlatforms) = preSolution
		Debug|Any CPU = Debug|Any CPU
		Release|Any CPU = Release|Any CPU
	EndGlobalSection
	GlobalSection(ProjectConfigurationPlatforms) = postSolution
		{BD2C377D-6662-458E-A6E1-24B1417CA6E1}.Debug|Any CPU.ActiveCfg = Debug|Any CPU
		{BD2C377D-6662-458E-A6E1-24B1417CA6E1}.Debug|Any CPU.Build.0 = Debug|Any CPU
		{BD2C377D-6662-458E-A6E1-24B1417CA6E1}.Release|Any CPU.ActiveCfg = Release|Any CPU
		{BD2C377D-6662-458E-A6E1-24B1417CA6E1}.Release|Any CPU.Build.0 = Release|Any CPU
		{36E841BA-DF9E-47B6-9620-6C925B31374F}.Debug|Any CPU.ActiveCfg = Debug|Any CPU
		{36E841BA-DF9E-47B6-9620-6C925B31374F}.Debug|Any CPU.Build.0 = Debug|Any CPU
		{36E841BA-DF9E-47B6-9620-6C925B31374F}.Release|Any CPU.ActiveCfg = Release|Any CPU
		{36E841BA-DF9E-47B6-9620-6C925B31374F}.Release|Any CPU.Build.0 = Release|Any CPU
		{1E2D4605-2874-4170-8058-F83BA7EE5AD6}.Debug|Any CPU.ActiveCfg = Debug|Any CPU
		{1E2D4605-2874-4170-8058-F83BA7EE5AD6}.Debug|Any CPU.Build.0 = Debug|Any CPU
		{1E2D4605-2874-4170-8058-F83BA7EE5AD6}.Release|Any CPU.ActiveCfg = Release|Any CPU
		{1E2D4605-2874-4170-8058-F83BA7EE5AD6}.Release|Any CPU.Build.0 = Release|Any CPU
		{04D68B77-D933-4B4E-9527-86C637B15F21}.Debug|Any CPU.ActiveCfg = Debug|Any CPU
		{04D68B77-D933-4B4E-9527-86C637B15F21}.Debug|Any CPU.Build.0 = Debug|Any CPU
		{04D68B77-D933-4B4E-9527-86C637B15F21}.Release|Any CPU.ActiveCfg = Release|Any CPU
		{04D68B77-D933-4B4E-9527-86C637B15F21}.Release|Any CPU.Build.0 = Release|Any CPU
		{A42FC81B-F851-4180-B403-9279532C409B}.Debug|Any CPU.ActiveCfg = Debug|Any CPU
		{A42FC81B-F851-4180-B403-9279532C409B}.Debug|Any CPU.Build.0 = Debug|Any CPU
		{A42FC81B-F851-4180-B403-9279532C409B}.Release|Any CPU.ActiveCfg = Release|Any CPU
		{A42FC81B-F851-4180-B403-9279532C409B}.Release|Any CPU.Build.0 = Release|Any CPU
		{945E3E14-80BF-4262-AA03-5B443799FA47}.Debug|Any CPU.ActiveCfg = Debug|Any CPU
		{945E3E14-80BF-4262-AA03-5B443799FA47}.Debug|Any CPU.Build.0 = Debug|Any CPU
		{945E3E14-80BF-4262-AA03-5B443799FA47}.Release|Any CPU.ActiveCfg = Release|Any CPU
		{945E3E14-80BF-4262-AA03-5B443799FA47}.Release|Any CPU.Build.0 = Release|Any CPU
	EndGlobalSection
	GlobalSection(SolutionProperties) = preSolution
		HideSolutionNode = FALSE
	EndGlobalSection
EndGlobal
